// !$*UTF8*$!
{
	archiveVersion = 1;
	classes = {
	};
	objectVersion = 48;
	objects = {

/* Begin PBXBuildFile section */
		770174FD1F84F541002A988F /* Workout.swift in Sources */ = {isa = PBXBuildFile; fileRef = 770174FC1F84F541002A988F /* Workout.swift */; };
		770175011F864BB0002A988F /* SettingsTableViewController.swift in Sources */ = {isa = PBXBuildFile; fileRef = 770175001F864BB0002A988F /* SettingsTableViewController.swift */; };
		771F8B0B1F84E533003DB06A /* Notifications.swift in Sources */ = {isa = PBXBuildFile; fileRef = 771F8B0A1F84E533003DB06A /* Notifications.swift */; };
		771F8B0D1F84E56A003DB06A /* Utils.swift in Sources */ = {isa = PBXBuildFile; fileRef = 771F8B0C1F84E56A003DB06A /* Utils.swift */; };
		775729E81F83737500D3F83F /* AppDelegate.swift in Sources */ = {isa = PBXBuildFile; fileRef = 775729E71F83737500D3F83F /* AppDelegate.swift */; };
		775729EA1F83737500D3F83F /* ViewController.swift in Sources */ = {isa = PBXBuildFile; fileRef = 775729E91F83737500D3F83F /* ViewController.swift */; };
		775729ED1F83737500D3F83F /* Main.storyboard in Resources */ = {isa = PBXBuildFile; fileRef = 775729EB1F83737500D3F83F /* Main.storyboard */; };
		775729F01F83737500D3F83F /* Sedentary.xcdatamodeld in Sources */ = {isa = PBXBuildFile; fileRef = 775729EE1F83737500D3F83F /* Sedentary.xcdatamodeld */; };
		775729F21F83737500D3F83F /* Assets.xcassets in Resources */ = {isa = PBXBuildFile; fileRef = 775729F11F83737500D3F83F /* Assets.xcassets */; };
		775729F51F83737500D3F83F /* LaunchScreen.storyboard in Resources */ = {isa = PBXBuildFile; fileRef = 775729F31F83737500D3F83F /* LaunchScreen.storyboard */; };
		77572A001F83737600D3F83F /* SedentTests.swift in Sources */ = {isa = PBXBuildFile; fileRef = 775729FF1F83737600D3F83F /* SedentTests.swift */; };
		77572A0B1F83737600D3F83F /* SedentUITests.swift in Sources */ = {isa = PBXBuildFile; fileRef = 77572A0A1F83737600D3F83F /* SedentUITests.swift */; };
		7775CDCF1F98D701008DD836 /* CoachViewController.swift in Sources */ = {isa = PBXBuildFile; fileRef = 7775CDCE1F98D701008DD836 /* CoachViewController.swift */; };
		77D78D351F880D5A00A3FCCC /* ExercisesTableViewCell.swift in Sources */ = {isa = PBXBuildFile; fileRef = 77D78D341F880D5A00A3FCCC /* ExercisesTableViewCell.swift */; };
		77E51E6B1F87BC5C00E8FBE6 /* WorkoutsExercisesTableViewCell.swift in Sources */ = {isa = PBXBuildFile; fileRef = 77E51E691F87BC5C00E8FBE6 /* WorkoutsExercisesTableViewCell.swift */; };
		77E51E6C1F87BC5C00E8FBE6 /* WorkoutsExercisesTableViewController.swift in Sources */ = {isa = PBXBuildFile; fileRef = 77E51E6A1F87BC5C00E8FBE6 /* WorkoutsExercisesTableViewController.swift */; };
		77E51E701F87D33F00E8FBE6 /* ExercisesTableViewController.swift in Sources */ = {isa = PBXBuildFile; fileRef = 77E51E6F1F87D33F00E8FBE6 /* ExercisesTableViewController.swift */; };
/* End PBXBuildFile section */

/* Begin PBXContainerItemProxy section */
		775729FC1F83737600D3F83F /* PBXContainerItemProxy */ = {
			isa = PBXContainerItemProxy;
			containerPortal = 775729DC1F83737500D3F83F /* Project object */;
			proxyType = 1;
			remoteGlobalIDString = 775729E31F83737500D3F83F;
			remoteInfo = Sedentary;
		};
		77572A071F83737600D3F83F /* PBXContainerItemProxy */ = {
			isa = PBXContainerItemProxy;
			containerPortal = 775729DC1F83737500D3F83F /* Project object */;
			proxyType = 1;
			remoteGlobalIDString = 775729E31F83737500D3F83F;
			remoteInfo = Sedentary;
		};
/* End PBXContainerItemProxy section */

/* Begin PBXFileReference section */
		770174FC1F84F541002A988F /* Workout.swift */ = {isa = PBXFileReference; lastKnownFileType = sourcecode.swift; path = Workout.swift; sourceTree = "<group>"; };
		770175001F864BB0002A988F /* SettingsTableViewController.swift */ = {isa = PBXFileReference; lastKnownFileType = sourcecode.swift; path = SettingsTableViewController.swift; sourceTree = "<group>"; };
		771F8B0A1F84E533003DB06A /* Notifications.swift */ = {isa = PBXFileReference; lastKnownFileType = sourcecode.swift; path = Notifications.swift; sourceTree = "<group>"; };
		771F8B0C1F84E56A003DB06A /* Utils.swift */ = {isa = PBXFileReference; lastKnownFileType = sourcecode.swift; path = Utils.swift; sourceTree = "<group>"; };
		775729E41F83737500D3F83F /* Sedent.app */ = {isa = PBXFileReference; explicitFileType = wrapper.application; includeInIndex = 0; path = Sedent.app; sourceTree = BUILT_PRODUCTS_DIR; };
		775729E71F83737500D3F83F /* AppDelegate.swift */ = {isa = PBXFileReference; lastKnownFileType = sourcecode.swift; path = AppDelegate.swift; sourceTree = "<group>"; };
		775729E91F83737500D3F83F /* ViewController.swift */ = {isa = PBXFileReference; lastKnownFileType = sourcecode.swift; path = ViewController.swift; sourceTree = "<group>"; };
		775729EC1F83737500D3F83F /* Base */ = {isa = PBXFileReference; lastKnownFileType = file.storyboard; name = Base; path = Base.lproj/Main.storyboard; sourceTree = "<group>"; };
		775729EF1F83737500D3F83F /* Sedentary.xcdatamodel */ = {isa = PBXFileReference; lastKnownFileType = wrapper.xcdatamodel; path = Sedentary.xcdatamodel; sourceTree = "<group>"; };
		775729F11F83737500D3F83F /* Assets.xcassets */ = {isa = PBXFileReference; lastKnownFileType = folder.assetcatalog; path = Assets.xcassets; sourceTree = "<group>"; };
		775729F41F83737500D3F83F /* Base */ = {isa = PBXFileReference; lastKnownFileType = file.storyboard; name = Base; path = Base.lproj/LaunchScreen.storyboard; sourceTree = "<group>"; };
		775729F61F83737500D3F83F /* Info.plist */ = {isa = PBXFileReference; lastKnownFileType = text.plist.xml; path = Info.plist; sourceTree = "<group>"; };
		775729FB1F83737600D3F83F /* SedentTests.xctest */ = {isa = PBXFileReference; explicitFileType = wrapper.cfbundle; includeInIndex = 0; path = SedentTests.xctest; sourceTree = BUILT_PRODUCTS_DIR; };
		775729FF1F83737600D3F83F /* SedentTests.swift */ = {isa = PBXFileReference; lastKnownFileType = sourcecode.swift; path = SedentTests.swift; sourceTree = "<group>"; };
		77572A011F83737600D3F83F /* Info.plist */ = {isa = PBXFileReference; lastKnownFileType = text.plist.xml; path = Info.plist; sourceTree = "<group>"; };
		77572A061F83737600D3F83F /* SedentUITests.xctest */ = {isa = PBXFileReference; explicitFileType = wrapper.cfbundle; includeInIndex = 0; path = SedentUITests.xctest; sourceTree = BUILT_PRODUCTS_DIR; };
		77572A0A1F83737600D3F83F /* SedentUITests.swift */ = {isa = PBXFileReference; lastKnownFileType = sourcecode.swift; path = SedentUITests.swift; sourceTree = "<group>"; };
		77572A0C1F83737600D3F83F /* Info.plist */ = {isa = PBXFileReference; lastKnownFileType = text.plist.xml; path = Info.plist; sourceTree = "<group>"; };
		7775CDCE1F98D701008DD836 /* CoachViewController.swift */ = {isa = PBXFileReference; lastKnownFileType = sourcecode.swift; path = CoachViewController.swift; sourceTree = "<group>"; };
		77D78D341F880D5A00A3FCCC /* ExercisesTableViewCell.swift */ = {isa = PBXFileReference; lastKnownFileType = sourcecode.swift; path = ExercisesTableViewCell.swift; sourceTree = "<group>"; };
		77E51E691F87BC5C00E8FBE6 /* WorkoutsExercisesTableViewCell.swift */ = {isa = PBXFileReference; lastKnownFileType = sourcecode.swift; path = WorkoutsExercisesTableViewCell.swift; sourceTree = "<group>"; };
		77E51E6A1F87BC5C00E8FBE6 /* WorkoutsExercisesTableViewController.swift */ = {isa = PBXFileReference; lastKnownFileType = sourcecode.swift; path = WorkoutsExercisesTableViewController.swift; sourceTree = "<group>"; };
		77E51E6F1F87D33F00E8FBE6 /* ExercisesTableViewController.swift */ = {isa = PBXFileReference; lastKnownFileType = sourcecode.swift; path = ExercisesTableViewController.swift; sourceTree = "<group>"; };
/* End PBXFileReference section */

/* Begin PBXFrameworksBuildPhase section */
		775729E11F83737500D3F83F /* Frameworks */ = {
			isa = PBXFrameworksBuildPhase;
			buildActionMask = 2147483647;
			files = (
			);
			runOnlyForDeploymentPostprocessing = 0;
		};
		775729F81F83737600D3F83F /* Frameworks */ = {
			isa = PBXFrameworksBuildPhase;
			buildActionMask = 2147483647;
			files = (
			);
			runOnlyForDeploymentPostprocessing = 0;
		};
		77572A031F83737600D3F83F /* Frameworks */ = {
			isa = PBXFrameworksBuildPhase;
			buildActionMask = 2147483647;
			files = (
			);
			runOnlyForDeploymentPostprocessing = 0;
		};
/* End PBXFrameworksBuildPhase section */

/* Begin PBXGroup section */
		7739E0701FB271BB004EA563 /* Frameworks */ = {
			isa = PBXGroup;
			children = (
			);
			name = Frameworks;
			sourceTree = "<group>";
		};
		775729DB1F83737500D3F83F = {
			isa = PBXGroup;
			children = (
				775729E61F83737500D3F83F /* Sedent */,
				775729FE1F83737600D3F83F /* SedentTests */,
				77572A091F83737600D3F83F /* SedentUITests */,
				775729E51F83737500D3F83F /* Products */,
				7739E0701FB271BB004EA563 /* Frameworks */,
			);
			sourceTree = "<group>";
		};
		775729E51F83737500D3F83F /* Products */ = {
			isa = PBXGroup;
			children = (
				775729E41F83737500D3F83F /* Sedent.app */,
				775729FB1F83737600D3F83F /* SedentTests.xctest */,
				77572A061F83737600D3F83F /* SedentUITests.xctest */,
			);
			name = Products;
			sourceTree = "<group>";
		};
		775729E61F83737500D3F83F /* Sedent */ = {
			isa = PBXGroup;
			children = (
				775729EB1F83737500D3F83F /* Main.storyboard */,
				770174FC1F84F541002A988F /* Workout.swift */,
				7775CDCE1F98D701008DD836 /* CoachViewController.swift */,
				775729E71F83737500D3F83F /* AppDelegate.swift */,
				77E51E6F1F87D33F00E8FBE6 /* ExercisesTableViewController.swift */,
				77D78D341F880D5A00A3FCCC /* ExercisesTableViewCell.swift */,
				77E51E691F87BC5C00E8FBE6 /* WorkoutsExercisesTableViewCell.swift */,
				77E51E6A1F87BC5C00E8FBE6 /* WorkoutsExercisesTableViewController.swift */,
				770175001F864BB0002A988F /* SettingsTableViewController.swift */,
				775729E91F83737500D3F83F /* ViewController.swift */,
				771F8B0A1F84E533003DB06A /* Notifications.swift */,
				771F8B0C1F84E56A003DB06A /* Utils.swift */,
				775729F11F83737500D3F83F /* Assets.xcassets */,
				775729F31F83737500D3F83F /* LaunchScreen.storyboard */,
				775729F61F83737500D3F83F /* Info.plist */,
				775729EE1F83737500D3F83F /* Sedentary.xcdatamodeld */,
			);
			path = Sedent;
			sourceTree = "<group>";
		};
		775729FE1F83737600D3F83F /* SedentTests */ = {
			isa = PBXGroup;
			children = (
				775729FF1F83737600D3F83F /* SedentTests.swift */,
				77572A011F83737600D3F83F /* Info.plist */,
			);
			path = SedentTests;
			sourceTree = "<group>";
		};
		77572A091F83737600D3F83F /* SedentUITests */ = {
			isa = PBXGroup;
			children = (
				77572A0A1F83737600D3F83F /* SedentUITests.swift */,
				77572A0C1F83737600D3F83F /* Info.plist */,
			);
			path = SedentUITests;
			sourceTree = "<group>";
		};
/* End PBXGroup section */

/* Begin PBXNativeTarget section */
		775729E31F83737500D3F83F /* Sedent */ = {
			isa = PBXNativeTarget;
			buildConfigurationList = 77572A0F1F83737600D3F83F /* Build configuration list for PBXNativeTarget "Sedent" */;
			buildPhases = (
				775729E01F83737500D3F83F /* Sources */,
				775729E11F83737500D3F83F /* Frameworks */,
				775729E21F83737500D3F83F /* Resources */,
			);
			buildRules = (
			);
			dependencies = (
			);
			name = Sedent;
			productName = Sedentary;
			productReference = 775729E41F83737500D3F83F /* Sedent.app */;
			productType = "com.apple.product-type.application";
		};
		775729FA1F83737600D3F83F /* SedentTests */ = {
			isa = PBXNativeTarget;
			buildConfigurationList = 77572A121F83737600D3F83F /* Build configuration list for PBXNativeTarget "SedentTests" */;
			buildPhases = (
				775729F71F83737600D3F83F /* Sources */,
				775729F81F83737600D3F83F /* Frameworks */,
				775729F91F83737600D3F83F /* Resources */,
			);
			buildRules = (
			);
			dependencies = (
				775729FD1F83737600D3F83F /* PBXTargetDependency */,
			);
			name = SedentTests;
			productName = SedentaryTests;
			productReference = 775729FB1F83737600D3F83F /* SedentTests.xctest */;
			productType = "com.apple.product-type.bundle.unit-test";
		};
		77572A051F83737600D3F83F /* SedentUITests */ = {
			isa = PBXNativeTarget;
			buildConfigurationList = 77572A151F83737600D3F83F /* Build configuration list for PBXNativeTarget "SedentUITests" */;
			buildPhases = (
				77572A021F83737600D3F83F /* Sources */,
				77572A031F83737600D3F83F /* Frameworks */,
				77572A041F83737600D3F83F /* Resources */,
			);
			buildRules = (
			);
			dependencies = (
				77572A081F83737600D3F83F /* PBXTargetDependency */,
			);
			name = SedentUITests;
			productName = SedentaryUITests;
			productReference = 77572A061F83737600D3F83F /* SedentUITests.xctest */;
			productType = "com.apple.product-type.bundle.ui-testing";
		};
/* End PBXNativeTarget section */

/* Begin PBXProject section */
		775729DC1F83737500D3F83F /* Project object */ = {
			isa = PBXProject;
			attributes = {
				LastSwiftUpdateCheck = 0900;
				LastUpgradeCheck = 0900;
				ORGANIZATIONNAME = "Vasiliy Tokarev";
				TargetAttributes = {
					775729E31F83737500D3F83F = {
						CreatedOnToolsVersion = 9.0;
						ProvisioningStyle = Automatic;
						SystemCapabilities = {
							com.apple.InAppPurchase = {
								enabled = 0;
							};
						};
					};
					775729FA1F83737600D3F83F = {
						CreatedOnToolsVersion = 9.0;
						ProvisioningStyle = Automatic;
						TestTargetID = 775729E31F83737500D3F83F;
					};
					77572A051F83737600D3F83F = {
						CreatedOnToolsVersion = 9.0;
						ProvisioningStyle = Automatic;
						TestTargetID = 775729E31F83737500D3F83F;
					};
				};
			};
			buildConfigurationList = 775729DF1F83737500D3F83F /* Build configuration list for PBXProject "Sedent" */;
			compatibilityVersion = "Xcode 8.0";
			developmentRegion = en;
			hasScannedForEncodings = 0;
			knownRegions = (
				en,
				Base,
			);
			mainGroup = 775729DB1F83737500D3F83F;
			productRefGroup = 775729E51F83737500D3F83F /* Products */;
			projectDirPath = "";
			projectRoot = "";
			targets = (
				775729E31F83737500D3F83F /* Sedent */,
				775729FA1F83737600D3F83F /* SedentTests */,
				77572A051F83737600D3F83F /* SedentUITests */,
			);
		};
/* End PBXProject section */

/* Begin PBXResourcesBuildPhase section */
		775729E21F83737500D3F83F /* Resources */ = {
			isa = PBXResourcesBuildPhase;
			buildActionMask = 2147483647;
			files = (
				775729F51F83737500D3F83F /* LaunchScreen.storyboard in Resources */,
				775729F21F83737500D3F83F /* Assets.xcassets in Resources */,
				775729ED1F83737500D3F83F /* Main.storyboard in Resources */,
			);
			runOnlyForDeploymentPostprocessing = 0;
		};
		775729F91F83737600D3F83F /* Resources */ = {
			isa = PBXResourcesBuildPhase;
			buildActionMask = 2147483647;
			files = (
			);
			runOnlyForDeploymentPostprocessing = 0;
		};
		77572A041F83737600D3F83F /* Resources */ = {
			isa = PBXResourcesBuildPhase;
			buildActionMask = 2147483647;
			files = (
			);
			runOnlyForDeploymentPostprocessing = 0;
		};
/* End PBXResourcesBuildPhase section */

/* Begin PBXSourcesBuildPhase section */
		775729E01F83737500D3F83F /* Sources */ = {
			isa = PBXSourcesBuildPhase;
			buildActionMask = 2147483647;
			files = (
				77E51E701F87D33F00E8FBE6 /* ExercisesTableViewController.swift in Sources */,
				771F8B0B1F84E533003DB06A /* Notifications.swift in Sources */,
				775729EA1F83737500D3F83F /* ViewController.swift in Sources */,
				77D78D351F880D5A00A3FCCC /* ExercisesTableViewCell.swift in Sources */,
				77E51E6C1F87BC5C00E8FBE6 /* WorkoutsExercisesTableViewController.swift in Sources */,
				771F8B0D1F84E56A003DB06A /* Utils.swift in Sources */,
				775729E81F83737500D3F83F /* AppDelegate.swift in Sources */,
				770175011F864BB0002A988F /* SettingsTableViewController.swift in Sources */,
				770174FD1F84F541002A988F /* Workout.swift in Sources */,
				775729F01F83737500D3F83F /* Sedentary.xcdatamodeld in Sources */,
				7775CDCF1F98D701008DD836 /* CoachViewController.swift in Sources */,
				77E51E6B1F87BC5C00E8FBE6 /* WorkoutsExercisesTableViewCell.swift in Sources */,
			);
			runOnlyForDeploymentPostprocessing = 0;
		};
		775729F71F83737600D3F83F /* Sources */ = {
			isa = PBXSourcesBuildPhase;
			buildActionMask = 2147483647;
			files = (
				77572A001F83737600D3F83F /* SedentTests.swift in Sources */,
			);
			runOnlyForDeploymentPostprocessing = 0;
		};
		77572A021F83737600D3F83F /* Sources */ = {
			isa = PBXSourcesBuildPhase;
			buildActionMask = 2147483647;
			files = (
				77572A0B1F83737600D3F83F /* SedentUITests.swift in Sources */,
			);
			runOnlyForDeploymentPostprocessing = 0;
		};
/* End PBXSourcesBuildPhase section */

/* Begin PBXTargetDependency section */
		775729FD1F83737600D3F83F /* PBXTargetDependency */ = {
			isa = PBXTargetDependency;
			target = 775729E31F83737500D3F83F /* Sedent */;
			targetProxy = 775729FC1F83737600D3F83F /* PBXContainerItemProxy */;
		};
		77572A081F83737600D3F83F /* PBXTargetDependency */ = {
			isa = PBXTargetDependency;
			target = 775729E31F83737500D3F83F /* Sedent */;
			targetProxy = 77572A071F83737600D3F83F /* PBXContainerItemProxy */;
		};
/* End PBXTargetDependency section */

/* Begin PBXVariantGroup section */
		775729EB1F83737500D3F83F /* Main.storyboard */ = {
			isa = PBXVariantGroup;
			children = (
				775729EC1F83737500D3F83F /* Base */,
			);
			name = Main.storyboard;
			sourceTree = "<group>";
		};
		775729F31F83737500D3F83F /* LaunchScreen.storyboard */ = {
			isa = PBXVariantGroup;
			children = (
				775729F41F83737500D3F83F /* Base */,
			);
			name = LaunchScreen.storyboard;
			sourceTree = "<group>";
		};
/* End PBXVariantGroup section */

/* Begin XCBuildConfiguration section */
		77572A0D1F83737600D3F83F /* Debug */ = {
			isa = XCBuildConfiguration;
			buildSettings = {
				ALWAYS_SEARCH_USER_PATHS = NO;
				CLANG_ANALYZER_NONNULL = YES;
				CLANG_ANALYZER_NUMBER_OBJECT_CONVERSION = YES_AGGRESSIVE;
				CLANG_CXX_LANGUAGE_STANDARD = "gnu++14";
				CLANG_CXX_LIBRARY = "libc++";
				CLANG_ENABLE_MODULES = YES;
				CLANG_ENABLE_OBJC_ARC = YES;
				CLANG_WARN_BLOCK_CAPTURE_AUTORELEASING = YES;
				CLANG_WARN_BOOL_CONVERSION = YES;
				CLANG_WARN_COMMA = YES;
				CLANG_WARN_CONSTANT_CONVERSION = YES;
				CLANG_WARN_DIRECT_OBJC_ISA_USAGE = YES_ERROR;
				CLANG_WARN_DOCUMENTATION_COMMENTS = YES;
				CLANG_WARN_EMPTY_BODY = YES;
				CLANG_WARN_ENUM_CONVERSION = YES;
				CLANG_WARN_INFINITE_RECURSION = YES;
				CLANG_WARN_INT_CONVERSION = YES;
				CLANG_WARN_NON_LITERAL_NULL_CONVERSION = YES;
				CLANG_WARN_OBJC_LITERAL_CONVERSION = YES;
				CLANG_WARN_OBJC_ROOT_CLASS = YES_ERROR;
				CLANG_WARN_RANGE_LOOP_ANALYSIS = YES;
				CLANG_WARN_STRICT_PROTOTYPES = YES;
				CLANG_WARN_SUSPICIOUS_MOVE = YES;
				CLANG_WARN_UNGUARDED_AVAILABILITY = YES_AGGRESSIVE;
				CLANG_WARN_UNREACHABLE_CODE = YES;
				CLANG_WARN__DUPLICATE_METHOD_MATCH = YES;
				CODE_SIGN_IDENTITY = "iPhone Developer";
				COPY_PHASE_STRIP = NO;
				DEBUG_INFORMATION_FORMAT = dwarf;
				ENABLE_STRICT_OBJC_MSGSEND = YES;
				ENABLE_TESTABILITY = YES;
				GCC_C_LANGUAGE_STANDARD = gnu11;
				GCC_DYNAMIC_NO_PIC = NO;
				GCC_NO_COMMON_BLOCKS = YES;
				GCC_OPTIMIZATION_LEVEL = 0;
				GCC_PREPROCESSOR_DEFINITIONS = (
					"DEBUG=1",
					"$(inherited)",
				);
				GCC_WARN_64_TO_32_BIT_CONVERSION = YES;
				GCC_WARN_ABOUT_RETURN_TYPE = YES_ERROR;
				GCC_WARN_UNDECLARED_SELECTOR = YES;
				GCC_WARN_UNINITIALIZED_AUTOS = YES_AGGRESSIVE;
				GCC_WARN_UNUSED_FUNCTION = YES;
				GCC_WARN_UNUSED_VARIABLE = YES;
				IPHONEOS_DEPLOYMENT_TARGET = 11.0;
				MTL_ENABLE_DEBUG_INFO = YES;
				ONLY_ACTIVE_ARCH = YES;
				SDKROOT = iphoneos;
				SWIFT_ACTIVE_COMPILATION_CONDITIONS = DEBUG;
				SWIFT_OPTIMIZATION_LEVEL = "-Onone";
			};
			name = Debug;
		};
		77572A0E1F83737600D3F83F /* Release */ = {
			isa = XCBuildConfiguration;
			buildSettings = {
				ALWAYS_SEARCH_USER_PATHS = NO;
				CLANG_ANALYZER_NONNULL = YES;
				CLANG_ANALYZER_NUMBER_OBJECT_CONVERSION = YES_AGGRESSIVE;
				CLANG_CXX_LANGUAGE_STANDARD = "gnu++14";
				CLANG_CXX_LIBRARY = "libc++";
				CLANG_ENABLE_MODULES = YES;
				CLANG_ENABLE_OBJC_ARC = YES;
				CLANG_WARN_BLOCK_CAPTURE_AUTORELEASING = YES;
				CLANG_WARN_BOOL_CONVERSION = YES;
				CLANG_WARN_COMMA = YES;
				CLANG_WARN_CONSTANT_CONVERSION = YES;
				CLANG_WARN_DIRECT_OBJC_ISA_USAGE = YES_ERROR;
				CLANG_WARN_DOCUMENTATION_COMMENTS = YES;
				CLANG_WARN_EMPTY_BODY = YES;
				CLANG_WARN_ENUM_CONVERSION = YES;
				CLANG_WARN_INFINITE_RECURSION = YES;
				CLANG_WARN_INT_CONVERSION = YES;
				CLANG_WARN_NON_LITERAL_NULL_CONVERSION = YES;
				CLANG_WARN_OBJC_LITERAL_CONVERSION = YES;
				CLANG_WARN_OBJC_ROOT_CLASS = YES_ERROR;
				CLANG_WARN_RANGE_LOOP_ANALYSIS = YES;
				CLANG_WARN_STRICT_PROTOTYPES = YES;
				CLANG_WARN_SUSPICIOUS_MOVE = YES;
				CLANG_WARN_UNGUARDED_AVAILABILITY = YES_AGGRESSIVE;
				CLANG_WARN_UNREACHABLE_CODE = YES;
				CLANG_WARN__DUPLICATE_METHOD_MATCH = YES;
				CODE_SIGN_IDENTITY = "iPhone Developer";
				COPY_PHASE_STRIP = NO;
				DEBUG_INFORMATION_FORMAT = "dwarf-with-dsym";
				ENABLE_NS_ASSERTIONS = NO;
				ENABLE_STRICT_OBJC_MSGSEND = YES;
				GCC_C_LANGUAGE_STANDARD = gnu11;
				GCC_NO_COMMON_BLOCKS = YES;
				GCC_WARN_64_TO_32_BIT_CONVERSION = YES;
				GCC_WARN_ABOUT_RETURN_TYPE = YES_ERROR;
				GCC_WARN_UNDECLARED_SELECTOR = YES;
				GCC_WARN_UNINITIALIZED_AUTOS = YES_AGGRESSIVE;
				GCC_WARN_UNUSED_FUNCTION = YES;
				GCC_WARN_UNUSED_VARIABLE = YES;
				IPHONEOS_DEPLOYMENT_TARGET = 11.0;
				MTL_ENABLE_DEBUG_INFO = NO;
				SDKROOT = iphoneos;
				SWIFT_OPTIMIZATION_LEVEL = "-Owholemodule";
				VALIDATE_PRODUCT = YES;
			};
			name = Release;
		};
		77572A101F83737600D3F83F /* Debug */ = {
			isa = XCBuildConfiguration;
			buildSettings = {
				ASSETCATALOG_COMPILER_APPICON_NAME = AppIcon;
				CODE_SIGN_STYLE = Automatic;
				DEVELOPMENT_TEAM = NL788PP55S;
				INFOPLIST_FILE = Sedent/Info.plist;
				IPHONEOS_DEPLOYMENT_TARGET = 10.0;
				LD_RUNPATH_SEARCH_PATHS = "$(inherited) @executable_path/Frameworks";
				PRODUCT_BUNDLE_IDENTIFIER = com.vtokarev.sedent;
				PRODUCT_NAME = "$(TARGET_NAME)";
				SWIFT_VERSION = 4.0;
				TARGETED_DEVICE_FAMILY = "1,2";
			};
			name = Debug;
		};
		77572A111F83737600D3F83F /* Release */ = {
			isa = XCBuildConfiguration;
			buildSettings = {
				ASSETCATALOG_COMPILER_APPICON_NAME = AppIcon;
				CODE_SIGN_STYLE = Automatic;
				DEVELOPMENT_TEAM = NL788PP55S;
				INFOPLIST_FILE = Sedent/Info.plist;
				IPHONEOS_DEPLOYMENT_TARGET = 10.0;
				LD_RUNPATH_SEARCH_PATHS = "$(inherited) @executable_path/Frameworks";
				PRODUCT_BUNDLE_IDENTIFIER = com.vtokarev.sedent;
				PRODUCT_NAME = "$(TARGET_NAME)";
				SWIFT_VERSION = 4.0;
				TARGETED_DEVICE_FAMILY = "1,2";
			};
			name = Release;
		};
		77572A131F83737600D3F83F /* Debug */ = {
			isa = XCBuildConfiguration;
			buildSettings = {
				ALWAYS_EMBED_SWIFT_STANDARD_LIBRARIES = YES;
				BUNDLE_LOADER = "$(TEST_HOST)";
				CODE_SIGN_STYLE = Automatic;
				DEVELOPMENT_TEAM = NL788PP55S;
				INFOPLIST_FILE = SedentTests/Info.plist;
				IPHONEOS_DEPLOYMENT_TARGET = 10.0;
				LD_RUNPATH_SEARCH_PATHS = "$(inherited) @executable_path/Frameworks @loader_path/Frameworks";
				PRODUCT_BUNDLE_IDENTIFIER = com.vtokarev.SedentTests;
				PRODUCT_NAME = "$(TARGET_NAME)";
				SWIFT_VERSION = 4.0;
				TARGETED_DEVICE_FAMILY = "1,2";
				TEST_HOST = "$(BUILT_PRODUCTS_DIR)/Sedent.app/Sedent";
			};
			name = Debug;
		};
		77572A141F83737600D3F83F /* Release */ = {
			isa = XCBuildConfiguration;
			buildSettings = {
				ALWAYS_EMBED_SWIFT_STANDARD_LIBRARIES = YES;
				BUNDLE_LOADER = "$(TEST_HOST)";
				CODE_SIGN_STYLE = Automatic;
				DEVELOPMENT_TEAM = NL788PP55S;
				INFOPLIST_FILE = SedentTests/Info.plist;
				IPHONEOS_DEPLOYMENT_TARGET = 10.0;
				LD_RUNPATH_SEARCH_PATHS = "$(inherited) @executable_path/Frameworks @loader_path/Frameworks";
				PRODUCT_BUNDLE_IDENTIFIER = com.vtokarev.SedentTests;
				PRODUCT_NAME = "$(TARGET_NAME)";
				SWIFT_VERSION = 4.0;
				TARGETED_DEVICE_FAMILY = "1,2";
				TEST_HOST = "$(BUILT_PRODUCTS_DIR)/Sedent.app/Sedent";
			};
			name = Release;
		};
		77572A161F83737600D3F83F /* Debug */ = {
			isa = XCBuildConfiguration;
			buildSettings = {
				ALWAYS_EMBED_SWIFT_STANDARD_LIBRARIES = YES;
				CODE_SIGN_STYLE = Automatic;
				DEVELOPMENT_TEAM = NL788PP55S;
				INFOPLIST_FILE = SedentUITests/Info.plist;
				IPHONEOS_DEPLOYMENT_TARGET = 10.0;
				LD_RUNPATH_SEARCH_PATHS = "$(inherited) @executable_path/Frameworks @loader_path/Frameworks";
				PRODUCT_BUNDLE_IDENTIFIER = com.vtokarev.SedentUITests;
				PRODUCT_NAME = "$(TARGET_NAME)";
				PROVISIONING_PROFILE = "";
				SWIFT_VERSION = 4.0;
				TARGETED_DEVICE_FAMILY = "1,2";
				TEST_TARGET_NAME = Sedent;
			};
			name = Debug;
		};
		77572A171F83737600D3F83F /* Release */ = {
			isa = XCBuildConfiguration;
			buildSettings = {
				ALWAYS_EMBED_SWIFT_STANDARD_LIBRARIES = YES;
				CODE_SIGN_STYLE = Automatic;
				DEVELOPMENT_TEAM = NL788PP55S;
				INFOPLIST_FILE = SedentUITests/Info.plist;
				IPHONEOS_DEPLOYMENT_TARGET = 10.0;
				LD_RUNPATH_SEARCH_PATHS = "$(inherited) @executable_path/Frameworks @loader_path/Frameworks";
				PRODUCT_BUNDLE_IDENTIFIER = com.vtokarev.SedentUITests;
				PRODUCT_NAME = "$(TARGET_NAME)";
				PROVISIONING_PROFILE = "";
				SWIFT_VERSION = 4.0;
				TARGETED_DEVICE_FAMILY = "1,2";
				TEST_TARGET_NAME = Sedent;
			};
			name = Release;
		};
/* End XCBuildConfiguration section */

/* Begin XCConfigurationList section */
		775729DF1F83737500D3F83F /* Build configuration list for PBXProject "Sedent" */ = {
			isa = XCConfigurationList;
			buildConfigurations = (
				77572A0D1F83737600D3F83F /* Debug */,
				77572A0E1F83737600D3F83F /* Release */,
			);
			defaultConfigurationIsVisible = 0;
			defaultConfigurationName = Release;
		};
		77572A0F1F83737600D3F83F /* Build configuration list for PBXNativeTarget "Sedent" */ = {
			isa = XCConfigurationList;
			buildConfigurations = (
				77572A101F83737600D3F83F /* Debug */,
				77572A111F83737600D3F83F /* Release */,
			);
			defaultConfigurationIsVisible = 0;
			defaultConfigurationName = Release;
		};
		77572A121F83737600D3F83F /* Build configuration list for PBXNativeTarget "SedentTests" */ = {
			isa = XCConfigurationList;
			buildConfigurations = (
				77572A131F83737600D3F83F /* Debug */,
				77572A141F83737600D3F83F /* Release */,
			);
			defaultConfigurationIsVisible = 0;
			defaultConfigurationName = Release;
		};
		77572A151F83737600D3F83F /* Build configuration list for PBXNativeTarget "SedentUITests" */ = {
			isa = XCConfigurationList;
			buildConfigurations = (
				77572A161F83737600D3F83F /* Debug */,
				77572A171F83737600D3F83F /* Release */,
			);
			defaultConfigurationIsVisible = 0;
			defaultConfigurationName = Release;
		};
/* End XCConfigurationList section */

/* Begin XCVersionGroup section */
		775729EE1F83737500D3F83F /* Sedentary.xcdatamodeld */ = {
			isa = XCVersionGroup;
			children = (
				775729EF1F83737500D3F83F /* Sedentary.xcdatamodel */,
			);
			currentVersion = 775729EF1F83737500D3F83F /* Sedentary.xcdatamodel */;
			path = Sedentary.xcdatamodeld;
			sourceTree = "<group>";
			versionGroupType = wrapper.xcdatamodel;
		};
/* End XCVersionGroup section */
	};
	rootObject = 775729DC1F83737500D3F83F /* Project object */;
}
